
Microsoft Visual Studio Solution File, Format Version 12.00
# Visual Studio Version 16
VisualStudioVersion = 16.0.30413.136
MinimumVisualStudioVersion = 10.0.40219.1
Project("{9A19103F-16F7-4668-BE54-9A1E7A4F7556}") = "WellDividedUI", "WellDividedUI\WellDividedUI.csproj", "{88EE3F77-B2E4-4526-90A1-A3E9A5DF7C63}"
EndProject
Project("{9A19103F-16F7-4668-BE54-9A1E7A4F7556}") = "WellDividedCore", "WellDividedCore\WellDividedCore.csproj", "{6D3CEF8D-6A69-4B61-AC93-F7582DF13D0D}"
EndProject
Project("{FAE04EC0-301F-11D3-BF4B-00C04F79EFBC}") = "Tests", "Tests\Tests.csproj", "{A9999A98-049E-4776-AB20-65CA42D25EE4}"
EndProject
Global
	GlobalSection(SolutionConfigurationPlatforms) = preSolution
		Debug|Any CPU = Debug|Any CPU
		Release|Any CPU = Release|Any CPU
	EndGlobalSection
	GlobalSection(ProjectConfigurationPlatforms) = postSolution
		{88EE3F77-B2E4-4526-90A1-A3E9A5DF7C63}.Debug|Any CPU.ActiveCfg = Debug|Any CPU
		{88EE3F77-B2E4-4526-90A1-A3E9A5DF7C63}.Debug|Any CPU.Build.0 = Debug|Any CPU
		{88EE3F77-B2E4-4526-90A1-A3E9A5DF7C63}.Release|Any CPU.ActiveCfg = Release|Any CPU
		{88EE3F77-B2E4-4526-90A1-A3E9A5DF7C63}.Release|Any CPU.Build.0 = Release|Any CPU
		{6D3CEF8D-6A69-4B61-AC93-F7582DF13D0D}.Debug|Any CPU.ActiveCfg = Debug|Any CPU
		{6D3CEF8D-6A69-4B61-AC93-F7582DF13D0D}.Debug|Any CPU.Build.0 = Debug|Any CPU
		{6D3CEF8D-6A69-4B61-AC93-F7582DF13D0D}.Release|Any CPU.ActiveCfg = Release|Any CPU
		{6D3CEF8D-6A69-4B61-AC93-F7582DF13D0D}.Release|Any CPU.Build.0 = Release|Any CPU
		{A9999A98-049E-4776-AB20-65CA42D25EE4}.Debug|Any CPU.ActiveCfg = Debug|Any CPU
		{A9999A98-049E-4776-AB20-65CA42D25EE4}.Debug|Any CPU.Build.0 = Debug|Any CPU
		{A9999A98-049E-4776-AB20-65CA42D25EE4}.Release|Any CPU.ActiveCfg = Release|Any CPU
		{A9999A98-049E-4776-AB20-65CA42D25EE4}.Release|Any CPU.Build.0 = Release|Any CPU
	EndGlobalSection
	GlobalSection(SolutionProperties) = preSolution
		HideSolutionNode = FALSE
	EndGlobalSection
	GlobalSection(ExtensibilityGlobals) = postSolution
		SolutionGuid = {4FAE30F5-B9DD-4E9E-B68B-494C0863D0AB}
	EndGlobalSection
EndGlobal
